
Microsoft Visual Studio Solution File, Format Version 12.00
# Visual Studio Version 17
VisualStudioVersion = 17.0.31903.59
MinimumVisualStudioVersion = 10.0.40219.1
Project("{9A19103F-16F7-4668-BE54-9A1E7A4F7556}") = "MyConsCalc", "MyConsCalc\MyConsCalc.csproj", "{305FAEF9-9A53-407E-9180-604E49515EAF}"
EndProject
Project("{9A19103F-16F7-4668-BE54-9A1E7A4F7556}") = "WorkWithArrayHome", "WorkWithArrayHome\WorkWithArrayHome.csproj", "{434749EF-6F67-4B6B-AD30-961C914D45BC}"
EndProject
Project("{9A19103F-16F7-4668-BE54-9A1E7A4F7556}") = "WorkWithClassVector", "WorkWithClassVector\WorkWithClassVector.csproj", "{74EC78CE-9FC9-4824-B8E8-3A8ED70F2F35}"
EndProject
Project("{9A19103F-16F7-4668-BE54-9A1E7A4F7556}") = "MLTEST", "MLTEST\MLTEST.csproj", "{7485F6AC-5250-4BAC-B859-4505F4A576E0}"
EndProject
Project("{9A19103F-16F7-4668-BE54-9A1E7A4F7556}") = "PolygonPerimetr", "polygon\PolygonPerimetr.csproj", "{3841A951-850C-47C4-87B4-52FE6316B839}"
EndProject
Project("{9A19103F-16F7-4668-BE54-9A1E7A4F7556}") = "WorkWith3dFigures", "WorkWith3dFigurs\WorkWith3dFigures.csproj", "{DA18300B-A6E7-433F-AB69-729700E7BAD6}"
EndProject
Project("{9A19103F-16F7-4668-BE54-9A1E7A4F7556}") = "WorkWith3dFigure.test", "WorkWith3dFigure.test\WorkWith3dFigure.test.csproj", "{8E917769-F376-4259-9470-7603A1D1FC80}"
EndProject
Project("{9A19103F-16F7-4668-BE54-9A1E7A4F7556}") = "PolygonPerimetr.test", "PolygonPerimetr.test\PolygonPerimetr.test.csproj", "{FC5E807D-5333-40B4-9744-64FF064BCEAA}"
EndProject
Project("{9A19103F-16F7-4668-BE54-9A1E7A4F7556}") = "CounterWithEvents", "CounterWithEvents\CounterWithEvents.csproj", "{8432E8B0-F295-4C6D-8B2B-7D06B925EA3E}"
EndProject
Project("{9A19103F-16F7-4668-BE54-9A1E7A4F7556}") = "SearchInString", "StringSearcher\SearchInString.csproj", "{83ACC6D0-3230-4A13-A9DC-E0C485618BA7}"
EndProject
Project("{FAE04EC0-301F-11D3-BF4B-00C04F79EFBC}") = "PingPong", "PingPong\PingPong.csproj", "{C4E1C303-4693-4652-BF7B-22CF529F7337}"
EndProject
Project("{FAE04EC0-301F-11D3-BF4B-00C04F79EFBC}") = "LocalData_1", "LocalData_1\LocalData_1.csproj", "{157497BA-C582-4139-B6B0-3DF87100EF09}"
EndProject
Project("{FAE04EC0-301F-11D3-BF4B-00C04F79EFBC}") = "LocalData_2", "LocalData_2\LocalData_2.csproj", "{ABEA2F11-B131-4202-AEE6-DAA41C4BC731}"
EndProject
Global
	GlobalSection(SolutionConfigurationPlatforms) = preSolution
		Debug|Any CPU = Debug|Any CPU
		Release|Any CPU = Release|Any CPU
	EndGlobalSection
	GlobalSection(ProjectConfigurationPlatforms) = postSolution
		{305FAEF9-9A53-407E-9180-604E49515EAF}.Debug|Any CPU.ActiveCfg = Debug|Any CPU
		{305FAEF9-9A53-407E-9180-604E49515EAF}.Debug|Any CPU.Build.0 = Debug|Any CPU
		{305FAEF9-9A53-407E-9180-604E49515EAF}.Release|Any CPU.ActiveCfg = Release|Any CPU
		{305FAEF9-9A53-407E-9180-604E49515EAF}.Release|Any CPU.Build.0 = Release|Any CPU
		{434749EF-6F67-4B6B-AD30-961C914D45BC}.Debug|Any CPU.ActiveCfg = Debug|Any CPU
		{434749EF-6F67-4B6B-AD30-961C914D45BC}.Debug|Any CPU.Build.0 = Debug|Any CPU
		{434749EF-6F67-4B6B-AD30-961C914D45BC}.Release|Any CPU.ActiveCfg = Release|Any CPU
		{434749EF-6F67-4B6B-AD30-961C914D45BC}.Release|Any CPU.Build.0 = Release|Any CPU
		{74EC78CE-9FC9-4824-B8E8-3A8ED70F2F35}.Debug|Any CPU.ActiveCfg = Debug|Any CPU
		{74EC78CE-9FC9-4824-B8E8-3A8ED70F2F35}.Debug|Any CPU.Build.0 = Debug|Any CPU
		{74EC78CE-9FC9-4824-B8E8-3A8ED70F2F35}.Release|Any CPU.ActiveCfg = Release|Any CPU
		{74EC78CE-9FC9-4824-B8E8-3A8ED70F2F35}.Release|Any CPU.Build.0 = Release|Any CPU
		{7485F6AC-5250-4BAC-B859-4505F4A576E0}.Debug|Any CPU.ActiveCfg = Debug|Any CPU
		{7485F6AC-5250-4BAC-B859-4505F4A576E0}.Debug|Any CPU.Build.0 = Debug|Any CPU
		{7485F6AC-5250-4BAC-B859-4505F4A576E0}.Release|Any CPU.ActiveCfg = Release|Any CPU
		{7485F6AC-5250-4BAC-B859-4505F4A576E0}.Release|Any CPU.Build.0 = Release|Any CPU
		{3841A951-850C-47C4-87B4-52FE6316B839}.Debug|Any CPU.ActiveCfg = Debug|Any CPU
		{3841A951-850C-47C4-87B4-52FE6316B839}.Debug|Any CPU.Build.0 = Debug|Any CPU
		{3841A951-850C-47C4-87B4-52FE6316B839}.Release|Any CPU.ActiveCfg = Release|Any CPU
		{3841A951-850C-47C4-87B4-52FE6316B839}.Release|Any CPU.Build.0 = Release|Any CPU
		{DA18300B-A6E7-433F-AB69-729700E7BAD6}.Debug|Any CPU.ActiveCfg = Debug|Any CPU
		{DA18300B-A6E7-433F-AB69-729700E7BAD6}.Debug|Any CPU.Build.0 = Debug|Any CPU
		{DA18300B-A6E7-433F-AB69-729700E7BAD6}.Release|Any CPU.ActiveCfg = Release|Any CPU
		{DA18300B-A6E7-433F-AB69-729700E7BAD6}.Release|Any CPU.Build.0 = Release|Any CPU
		{8E917769-F376-4259-9470-7603A1D1FC80}.Debug|Any CPU.ActiveCfg = Debug|Any CPU
		{8E917769-F376-4259-9470-7603A1D1FC80}.Debug|Any CPU.Build.0 = Debug|Any CPU
		{8E917769-F376-4259-9470-7603A1D1FC80}.Release|Any CPU.ActiveCfg = Release|Any CPU
		{8E917769-F376-4259-9470-7603A1D1FC80}.Release|Any CPU.Build.0 = Release|Any CPU
		{FC5E807D-5333-40B4-9744-64FF064BCEAA}.Debug|Any CPU.ActiveCfg = Debug|Any CPU
		{FC5E807D-5333-40B4-9744-64FF064BCEAA}.Debug|Any CPU.Build.0 = Debug|Any CPU
		{FC5E807D-5333-40B4-9744-64FF064BCEAA}.Release|Any CPU.ActiveCfg = Release|Any CPU
		{FC5E807D-5333-40B4-9744-64FF064BCEAA}.Release|Any CPU.Build.0 = Release|Any CPU
		{8432E8B0-F295-4C6D-8B2B-7D06B925EA3E}.Debug|Any CPU.ActiveCfg = Debug|Any CPU
		{8432E8B0-F295-4C6D-8B2B-7D06B925EA3E}.Debug|Any CPU.Build.0 = Debug|Any CPU
		{8432E8B0-F295-4C6D-8B2B-7D06B925EA3E}.Release|Any CPU.ActiveCfg = Release|Any CPU
		{8432E8B0-F295-4C6D-8B2B-7D06B925EA3E}.Release|Any CPU.Build.0 = Release|Any CPU
		{83ACC6D0-3230-4A13-A9DC-E0C485618BA7}.Debug|Any CPU.ActiveCfg = Debug|Any CPU
		{83ACC6D0-3230-4A13-A9DC-E0C485618BA7}.Debug|Any CPU.Build.0 = Debug|Any CPU
		{83ACC6D0-3230-4A13-A9DC-E0C485618BA7}.Release|Any CPU.ActiveCfg = Release|Any CPU
		{83ACC6D0-3230-4A13-A9DC-E0C485618BA7}.Release|Any CPU.Build.0 = Release|Any CPU
		{C4E1C303-4693-4652-BF7B-22CF529F7337}.Debug|Any CPU.ActiveCfg = Debug|Any CPU
		{C4E1C303-4693-4652-BF7B-22CF529F7337}.Debug|Any CPU.Build.0 = Debug|Any CPU
		{C4E1C303-4693-4652-BF7B-22CF529F7337}.Release|Any CPU.ActiveCfg = Release|Any CPU
		{C4E1C303-4693-4652-BF7B-22CF529F7337}.Release|Any CPU.Build.0 = Release|Any CPU
		{157497BA-C582-4139-B6B0-3DF87100EF09}.Debug|Any CPU.ActiveCfg = Debug|Any CPU
		{157497BA-C582-4139-B6B0-3DF87100EF09}.Debug|Any CPU.Build.0 = Debug|Any CPU
		{157497BA-C582-4139-B6B0-3DF87100EF09}.Release|Any CPU.ActiveCfg = Release|Any CPU
		{157497BA-C582-4139-B6B0-3DF87100EF09}.Release|Any CPU.Build.0 = Release|Any CPU
		{ABEA2F11-B131-4202-AEE6-DAA41C4BC731}.Debug|Any CPU.ActiveCfg = Debug|Any CPU
		{ABEA2F11-B131-4202-AEE6-DAA41C4BC731}.Debug|Any CPU.Build.0 = Debug|Any CPU
		{ABEA2F11-B131-4202-AEE6-DAA41C4BC731}.Release|Any CPU.ActiveCfg = Release|Any CPU
		{ABEA2F11-B131-4202-AEE6-DAA41C4BC731}.Release|Any CPU.Build.0 = Release|Any CPU
	EndGlobalSection
	GlobalSection(SolutionProperties) = preSolution
		HideSolutionNode = FALSE
	EndGlobalSection
	GlobalSection(ExtensibilityGlobals) = postSolution
		SolutionGuid = {E1F8BAB7-846A-4779-812D-1D9BBB89AF90}
	EndGlobalSection
EndGlobal
